
Microsoft Visual Studio Solution File, Format Version 12.00
# Visual Studio Version 17
VisualStudioVersion = 17.5.002.0
MinimumVisualStudioVersion = 10.0.40219.1
Project("{2150E333-8FDC-42A3-9474-1A3956D46DE8}") = "src", "src", "{7181BD60-A3A6-4460-A957-A5EDBBEE7EF0}"
EndProject
Project("{9A19103F-16F7-4668-BE54-9A1E7A4F7556}") = "UserService", "src\UserService\UserService.csproj", "{5F4A097D-F5AF-4B0D-BC62-D7438BF39745}"
EndProject
Project("{9A19103F-16F7-4668-BE54-9A1E7A4F7556}") = "BoardService", "src\BoardService\BoardService.csproj", "{3EDDC299-E6E0-4102-B179-45E274572797}"
EndProject
Project("{9A19103F-16F7-4668-BE54-9A1E7A4F7556}") = "IdentityService", "src\IdentityService\IdentityService.csproj", "{7C00A14A-90B4-41D8-AECE-90659034F812}"
EndProject
Project("{9A19103F-16F7-4668-BE54-9A1E7A4F7556}") = "ReferenceService", "src\ReferenceService\ReferenceService.csproj", "{6ED6A7AD-C5F4-4B8A-8AAC-1A2E8812E75F}"
EndProject
Global
	GlobalSection(SolutionConfigurationPlatforms) = preSolution
		Debug|Any CPU = Debug|Any CPU
		Release|Any CPU = Release|Any CPU
	EndGlobalSection
	GlobalSection(ProjectConfigurationPlatforms) = postSolution
		{5F4A097D-F5AF-4B0D-BC62-D7438BF39745}.Debug|Any CPU.ActiveCfg = Debug|Any CPU
		{5F4A097D-F5AF-4B0D-BC62-D7438BF39745}.Debug|Any CPU.Build.0 = Debug|Any CPU
		{5F4A097D-F5AF-4B0D-BC62-D7438BF39745}.Release|Any CPU.ActiveCfg = Release|Any CPU
		{5F4A097D-F5AF-4B0D-BC62-D7438BF39745}.Release|Any CPU.Build.0 = Release|Any CPU
		{3EDDC299-E6E0-4102-B179-45E274572797}.Debug|Any CPU.ActiveCfg = Debug|Any CPU
		{3EDDC299-E6E0-4102-B179-45E274572797}.Debug|Any CPU.Build.0 = Debug|Any CPU
		{3EDDC299-E6E0-4102-B179-45E274572797}.Release|Any CPU.ActiveCfg = Release|Any CPU
		{3EDDC299-E6E0-4102-B179-45E274572797}.Release|Any CPU.Build.0 = Release|Any CPU
		{7C00A14A-90B4-41D8-AECE-90659034F812}.Debug|Any CPU.ActiveCfg = Debug|Any CPU
		{7C00A14A-90B4-41D8-AECE-90659034F812}.Debug|Any CPU.Build.0 = Debug|Any CPU
		{7C00A14A-90B4-41D8-AECE-90659034F812}.Release|Any CPU.ActiveCfg = Release|Any CPU
		{7C00A14A-90B4-41D8-AECE-90659034F812}.Release|Any CPU.Build.0 = Release|Any CPU
		{6ED6A7AD-C5F4-4B8A-8AAC-1A2E8812E75F}.Debug|Any CPU.ActiveCfg = Debug|Any CPU
		{6ED6A7AD-C5F4-4B8A-8AAC-1A2E8812E75F}.Debug|Any CPU.Build.0 = Debug|Any CPU
		{6ED6A7AD-C5F4-4B8A-8AAC-1A2E8812E75F}.Release|Any CPU.ActiveCfg = Release|Any CPU
		{6ED6A7AD-C5F4-4B8A-8AAC-1A2E8812E75F}.Release|Any CPU.Build.0 = Release|Any CPU
	EndGlobalSection
	GlobalSection(SolutionProperties) = preSolution
		HideSolutionNode = FALSE
	EndGlobalSection
	GlobalSection(NestedProjects) = preSolution
		{5F4A097D-F5AF-4B0D-BC62-D7438BF39745} = {7181BD60-A3A6-4460-A957-A5EDBBEE7EF0}
		{3EDDC299-E6E0-4102-B179-45E274572797} = {7181BD60-A3A6-4460-A957-A5EDBBEE7EF0}
		{7C00A14A-90B4-41D8-AECE-90659034F812} = {7181BD60-A3A6-4460-A957-A5EDBBEE7EF0}
		{6ED6A7AD-C5F4-4B8A-8AAC-1A2E8812E75F} = {7181BD60-A3A6-4460-A957-A5EDBBEE7EF0}
	EndGlobalSection
	GlobalSection(ExtensibilityGlobals) = postSolution
		SolutionGuid = {E31F913F-AD72-44E4-9CFD-C3D637F3430B}
	EndGlobalSection
EndGlobal
